{
  "version": "4",
  "specifiers": {
    "jsr:@findhow/zod-factory@^0.0.2": "0.0.2",
    "jsr:@hono/hono@^4.6.12": "4.6.13",
    "npm:@faker-js/faker@8.4.1": "8.4.1",
    "npm:randexp@0.5.3": "0.5.3",
    "npm:zod@3.23.8": "3.23.8",
    "npm:zod@^3.24.1": "3.24.1"
  },
  "jsr": {
    "@findhow/zod-factory@0.0.2": {
      "integrity": "27a03dbd6648c434b24103a66b2cd7f3b547a86871e4c9f4dc639ef13948602d",
      "dependencies": [
        "npm:@faker-js/faker",
        "npm:randexp",
        "npm:zod@3.23.8"
      ]
    },
    "@hono/hono@4.6.13": {
      "integrity": "198970fc6facf71a88ee57aa1ed32143b56bcb0f842fa965ca3ee7d6fdd21a8e"
    }
  },
  "npm": {
    "@faker-js/faker@8.4.1": {
      "integrity": "sha512-XQ3cU+Q8Uqmrbf2e0cIC/QN43sTBSC8KF12u29Mb47tWrt2hAgBXSgpZMj4Ao8Uk0iJcU99QsOCaIL8934obCg=="
    },
    "drange@1.1.1": {
      "integrity": "sha512-pYxfDYpued//QpnLIm4Avk7rsNtAtQkUES2cwAYSvD/wd2pKD71gN2Ebj3e7klzXwjocvE8c5vx/1fxwpqmSxA=="
    },
    "randexp@0.5.3": {
      "integrity": "sha512-U+5l2KrcMNOUPYvazA3h5ekF80FHTUG+87SEAmHZmolh1M+i/WyTCxVzmi+tidIa1tM4BSe8g2Y/D3loWDjj+w==",
      "dependencies": [
        "drange",
        "ret"
      ]
    },
    "ret@0.2.2": {
      "integrity": "sha512-M0b3YWQs7R3Z917WRQy1HHA7Ba7D8hvZg6UE5mLykJxQVE2ju0IXbGlaHPPlkY+WN7wFP+wUMXmBFA0aV6vYGQ=="
    },
    "zod@3.23.8": {
      "integrity": "sha512-XBx9AXhXktjUqnepgTiE5flcKIYWi/rme0Eaj+5Y0lftuGBq+jyRu/md4WnuxqgP1ubdpNCsYEYPxrzVHD8d6g=="
    },
    "zod@3.24.1": {
      "integrity": "sha512-muH7gBL9sI1nciMZV67X5fTKKBLtwpZ5VBp1vsOQzj1MhrBZ4wlVCm3gedKZWLp0Oyel8sIGfeiz54Su+OVT+A=="
    }
  },
  "workspace": {
    "dependencies": [
      "jsr:@findhow/zod-factory@^0.0.2",
      "jsr:@hono/hono@^4.6.12",
      "npm:zod@^3.24.1"
    ]
  }
}
