
Microsoft Visual Studio Solution File, Format Version 12.00
# Visual Studio Version 17
VisualStudioVersion = 17.5.002.0
MinimumVisualStudioVersion = 10.0.40219.1
Project("{9A19103F-16F7-4668-BE54-9A1E7A4F7556}") = "StackUpDAO", "src\StackUpDAO.csproj", "{7C813F0E-129C-4AF7-9AC8-B8EAEA0E91FD}"
EndProject
Project("{9A19103F-16F7-4668-BE54-9A1E7A4F7556}") = "StackUpDAO.Tests", "test\StackUpDAO.Tests.csproj", "{6DA7375D-491B-4925-A8B4-B66B9AEDF840}"
EndProject
Global
	GlobalSection(SolutionConfigurationPlatforms) = preSolution
		Debug|Any CPU = Debug|Any CPU
		Release|Any CPU = Release|Any CPU
	EndGlobalSection
	GlobalSection(ProjectConfigurationPlatforms) = postSolution
		{7C813F0E-129C-4AF7-9AC8-B8EAEA0E91FD}.Debug|Any CPU.ActiveCfg = Debug|Any CPU
		{7C813F0E-129C-4AF7-9AC8-B8EAEA0E91FD}.Debug|Any CPU.Build.0 = Debug|Any CPU
		{7C813F0E-129C-4AF7-9AC8-B8EAEA0E91FD}.Release|Any CPU.ActiveCfg = Release|Any CPU
		{7C813F0E-129C-4AF7-9AC8-B8EAEA0E91FD}.Release|Any CPU.Build.0 = Release|Any CPU
		{6DA7375D-491B-4925-A8B4-B66B9AEDF840}.Debug|Any CPU.ActiveCfg = Debug|Any CPU
		{6DA7375D-491B-4925-A8B4-B66B9AEDF840}.Debug|Any CPU.Build.0 = Debug|Any CPU
		{6DA7375D-491B-4925-A8B4-B66B9AEDF840}.Release|Any CPU.ActiveCfg = Release|Any CPU
		{6DA7375D-491B-4925-A8B4-B66B9AEDF840}.Release|Any CPU.Build.0 = Release|Any CPU
	EndGlobalSection
	GlobalSection(SolutionProperties) = preSolution
		HideSolutionNode = FALSE
	EndGlobalSection
	GlobalSection(ExtensibilityGlobals) = postSolution
		SolutionGuid = {6172BF7D-B468-43B2-B925-AC46DC65EC7B}
	EndGlobalSection
EndGlobal
